#MicroXplorer Configuration settings - do not modify
Mcu.Family=STM32F4
PC3.Mode=Full_Duplex_Master
Dma.SPI2_RX.0.Instance=DMA1_Stream3
ProjectManager.MainLocation=Core/Src
PH0-OSC_IN.Signal=RCC_OSC_IN
USART2.IPParameters=VirtualMode
Dma.SPI2_RX.0.RequestParameters=Instance,Direction,PeriphInc,MemInc,PeriphDataAlignment,MemDataAlignment,Mode,Priority,FIFOMode
RCC.CortexFreq_Value=168000000
Dma.SDIO_RX.1.PeriphDataAlignment=DMA_PDATAALIGN_WORD
ProjectManager.KeepUserCode=true
PB10.GPIO_Speed=GPIO_SPEED_FREQ_VERY_HIGH
Mcu.UserName=STM32F405RGTx
PB10.Mode=Full_Duplex_Master
VP_FATFS_VS_SDIO.Mode=SDIO
PA10.GPIO_PuPd=GPIO_PULLUP
PC10.Locked=true
RCC.PLLCLKFreq_Value=168000000
PC10.Signal=GPIO_Output
PC12.Signal=SDIO_CK
RCC.PLLQCLKFreq_Value=48000000
Dma.SDIO_RX.1.Mode=DMA_PFCTRL
PA3.GPIO_PuPd=GPIO_PULLUP
Dma.SDIO_RX.1.Direction=DMA_PERIPH_TO_MEMORY
Dma.SDIO_RX.1.RequestParameters=Instance,Direction,PeriphInc,MemInc,PeriphDataAlignment,MemDataAlignment,Mode,Priority,FIFOMode,FIFOThreshold,MemBurst,PeriphBurst
ProjectManager.functionlistsort=1-MX_GPIO_Init-GPIO-false-HAL-true,2-MX_DMA_Init-DMA-false-HAL-true,3-SystemClock_Config-RCC-false-HAL-false,4-MX_I2S2_Init-I2S2-false-HAL-true,5-MX_SDIO_SD_Init-SDIO-false-HAL-true,6-MX_USART1_UART_Init-USART1-false-HAL-true,7-MX_USART2_UART_Init-USART2-false-HAL-true,8-MX_FATFS_Init-FATFS-false-HAL-false
RCC.RTCFreq_Value=32000
PA3.GPIOParameters=GPIO_PuPd
PC9.Locked=true
Dma.SDIO_RX.1.Priority=DMA_PRIORITY_LOW
FREERTOS.configTICK_RATE_HZ=100
PC2.GPIO_Speed=GPIO_SPEED_FREQ_VERY_HIGH
USART1.IPParameters=VirtualMode
PinOutPanel.RotationAngle=90
PC3.GPIO_Speed=GPIO_SPEED_FREQ_VERY_HIGH
RCC.SYSCLKSource=RCC_SYSCLKSOURCE_PLLCLK
ProjectManager.StackSize=0x400
VP_FREERTOS_VS_CMSIS_V2.Mode=CMSIS_V2
Dma.SDIO_RX.1.Instance=DMA2_Stream3
Dma.SDIO_TX.2.Mode=DMA_PFCTRL
Mcu.IP4=NVIC
Mcu.IP5=RCC
RCC.FCLKCortexFreq_Value=168000000
Mcu.IP2=FREERTOS
NVIC.SVCall_IRQn=true\:0\:0\:false\:false\:false\:false\:false\:false
Mcu.IP3=I2S2
Mcu.IP0=DMA
Mcu.IP1=FATFS
Dma.SDIO_TX.2.MemDataAlignment=DMA_MDATAALIGN_WORD
Mcu.UserConstants=
VP_FATFS_VS_SDIO.Signal=FATFS_VS_SDIO
Mcu.ThirdPartyNb=0
RCC.HCLKFreq_Value=168000000
Mcu.IPNb=10
RCC.I2SClocksFreq_Value=192000000
ProjectManager.PreviousToolchain=
RCC.APB2TimFreq_Value=168000000
Dma.SDIO_RX.1.FIFOMode=DMA_FIFOMODE_ENABLE
SDIO.IPParameters=ClockDiv
RCC.VcooutputI2S=192000000
FATFS._MULTI_PARTITION=1
PC3.Signal=I2S2_SD
Mcu.Pin6=PA2
Mcu.Pin7=PA3
Mcu.Pin8=PB10
Mcu.Pin9=PB12
FREERTOS.IPParameters=Tasks01,configTICK_RATE_HZ,FootprintOK
RCC.AHBFreq_Value=168000000
PH0-OSC_IN.Mode=HSE-External-Oscillator
Mcu.Pin0=PC13-ANTI_TAMP
Mcu.Pin1=PH0-OSC_IN
GPIO.groupedBy=Group By Peripherals
Mcu.Pin2=PH1-OSC_OUT
Mcu.Pin3=PC2
Mcu.Pin4=PC3
PA0-WKUP.GPIOParameters=GPIO_PuPd
Mcu.Pin5=PA0-WKUP
ProjectManager.ProjectBuild=false
RCC.HSE_VALUE=8000000
NVIC.UsageFault_IRQn=true\:0\:0\:false\:false\:true\:false\:false\:false
NVIC.DebugMonitor_IRQn=true\:0\:0\:false\:false\:true\:false\:false\:false
PC13-ANTI_TAMP.Signal=GPIO_Output
NVIC.SysTick_IRQn=true\:0\:0\:false\:false\:false\:false\:false\:false
ProjectManager.FirmwarePackage=STM32Cube FW_F4 V1.25.0
MxDb.Version=DB.6.0.0
ProjectManager.BackupPrevious=false
RCC.VCOInputFreq_Value=2000000
VP_SYS_VS_tim1.Mode=TIM1
File.Version=6
Dma.SDIO_TX.2.Direction=DMA_MEMORY_TO_PERIPH
Dma.SPI2_RX.0.MemDataAlignment=DMA_MDATAALIGN_HALFWORD
I2S2.IPParameters=Instance,VirtualMode,FullDuplexMode,RealAudioFreq,ErrorAudioFreq,Mode,AudioFreq,DataFormat
NVIC.PendSV_IRQn=true\:0\:0\:false\:false\:false\:false\:false\:false
I2S2.DataFormat=I2S_DATAFORMAT_24B
PC10.PinState=GPIO_PIN_SET
Dma.RequestsNb=3
ProjectManager.HalAssertFull=false
Dma.SPI2_RX.0.MemInc=DMA_MINC_ENABLE
ProjectManager.ProjectName=ArrivalMicrophone
PH1-OSC_OUT.Mode=HSE-External-Oscillator
RCC.MCO2PinFreq_Value=168000000
Mcu.Package=LQFP64
PB12.Mode=Full_Duplex_Master
NVIC.TimeBase=TIM1_UP_TIM10_IRQn
USART2.VirtualMode=VM_ASYNC
Dma.SDIO_TX.2.PeriphBurst=DMA_PBURST_INC4
ProjectManager.ToolChainLocation=
I2S2.Mode=I2S_MODE_MASTER_RX
RCC.LSI_VALUE=32000
NVIC.TimeBaseIP=TIM1
PA10.Signal=USART1_RX
FREERTOS.FootprintOK=true
Dma.SDIO_RX.1.PeriphBurst=DMA_PBURST_INC4
RCC.APB2CLKDivider=RCC_HCLK_DIV2
Dma.SDIO_TX.2.RequestParameters=Instance,Direction,PeriphInc,MemInc,PeriphDataAlignment,MemDataAlignment,Mode,Priority,FIFOMode,FIFOThreshold,MemBurst,PeriphBurst
Dma.Request2=SDIO_TX
Dma.Request1=SDIO_RX
RCC.APB1TimFreq_Value=84000000
NVIC.BusFault_IRQn=true\:0\:0\:false\:false\:true\:false\:false\:false
Dma.SPI2_RX.0.Direction=DMA_PERIPH_TO_MEMORY
PB10.GPIOParameters=GPIO_Speed
Dma.Request0=SPI2_RX
Dma.SDIO_TX.2.FIFOThreshold=DMA_FIFO_THRESHOLD_FULL
ProjectManager.CustomerFirmwarePackage=
PA3.Signal=USART2_RX
PC13-ANTI_TAMP.GPIOParameters=PinState
RCC.PLLSourceVirtual=RCC_PLLSOURCE_HSE
Dma.SDIO_TX.2.MemInc=DMA_MINC_ENABLE
I2S2.AudioFreq=I2S_AUDIOFREQ_16K
ProjectManager.ProjectFileName=ArrivalMicrophone.ioc
FREERTOS.Tasks01=mainTask,24,1024,mainTask_main,Default,&mainTask,Static,defaultTaskBuffer,defaultTaskControlBlock
I2S2.Instance=SPI$Index
PA10.Mode=Asynchronous
Mcu.PinsNb=20
ProjectManager.NoMain=false
Dma.SPI2_RX.0.Mode=DMA_CIRCULAR
NVIC.SavedSvcallIrqHandlerGenerated=true
PC8.Signal=SDIO_D0
PC2.Signal=I2S2_ext_SD
PC9.PinState=GPIO_PIN_SET
ProjectManager.DefaultFWLocation=true
PC2.Mode=Full_Duplex_Master
Dma.SDIO_TX.2.Instance=DMA2_Stream6
ProjectManager.DeletePrevious=true
RCC.APB1CLKDivider=RCC_HCLK_DIV4
NVIC.USART2_IRQn=true\:0\:0\:false\:false\:true\:true\:true\:true
NVIC.SDIO_IRQn=true\:0\:0\:false\:false\:true\:false\:true\:true
RCC.FamilyName=M
PC13-ANTI_TAMP.PinState=GPIO_PIN_SET
PA0-WKUP.Signal=GPIO_Input
PA0-WKUP.Locked=true
Dma.SDIO_RX.1.PeriphInc=DMA_PINC_DISABLE
PC3.GPIOParameters=GPIO_Speed,GPIO_PuPd
FATFS.IPParameters=_MAX_SS,_MULTI_PARTITION
PA3.Mode=Asynchronous
PA9.Mode=Asynchronous
Dma.SPI2_RX.0.PeriphDataAlignment=DMA_PDATAALIGN_HALFWORD
ProjectManager.TargetToolchain=Makefile
PA9.Signal=USART1_TX
I2S2.VirtualMode=I2S_MODE_MASTER
Dma.SDIO_TX.2.PeriphDataAlignment=DMA_PDATAALIGN_WORD
ProjectManager.RegisterCallBack=
SDIO.ClockDiv=3
NVIC.DMA2_Stream3_IRQn=true\:0\:0\:false\:false\:true\:true\:false\:true
NVIC.DMA2_Stream6_IRQn=true\:0\:0\:false\:false\:true\:true\:false\:true
RCC.LSE_VALUE=32768
PB12.GPIO_Speed=GPIO_SPEED_FREQ_VERY_HIGH
Dma.SDIO_RX.1.MemDataAlignment=DMA_MDATAALIGN_WORD
PB10.Signal=I2S2_CK
Dma.SDIO_RX.1.FIFOThreshold=DMA_FIFO_THRESHOLD_FULL
RCC.VCOI2SOutputFreq_Value=384000000
PD2.Mode=SD_1_bit
PC12.Mode=SD_1_bit
board=custom
Dma.SDIO_RX.1.MemBurst=DMA_MBURST_INC4
RCC.VCOOutputFreq_Value=336000000
PC13-ANTI_TAMP.Locked=true
ProjectManager.LastFirmware=true
NVIC.SavedSystickIrqHandlerGenerated=true
RCC.APB2Freq_Value=84000000
MxCube.Version=6.0.1
VP_SYS_VS_tim1.Signal=SYS_VS_tim1
PC2.GPIOParameters=GPIO_Speed,GPIO_PuPd
PA10.GPIOParameters=GPIO_PuPd
RCC.EthernetFreq_Value=168000000
PH1-OSC_OUT.Signal=RCC_OSC_OUT
NVIC.NonMaskableInt_IRQn=true\:0\:0\:false\:false\:true\:false\:false\:false
PC10.GPIOParameters=PinState
Dma.SPI2_RX.0.FIFOMode=DMA_FIFOMODE_DISABLE
PC2.GPIO_PuPd=GPIO_PULLUP
Dma.SPI2_RX.0.Priority=DMA_PRIORITY_HIGH
ProjectManager.FreePins=false
RCC.IPParameters=48MHZClocksFreq_Value,AHBFreq_Value,APB1CLKDivider,APB1Freq_Value,APB1TimFreq_Value,APB2CLKDivider,APB2Freq_Value,APB2TimFreq_Value,CortexFreq_Value,EthernetFreq_Value,FCLKCortexFreq_Value,FamilyName,HCLKFreq_Value,HSE_VALUE,HSI_VALUE,I2SClocksFreq_Value,LSE_VALUE,LSI_VALUE,MCO2PinFreq_Value,PLLCLKFreq_Value,PLLM,PLLN,PLLQ,PLLQCLKFreq_Value,PLLSourceVirtual,RTCFreq_Value,RTCHSEDivFreq_Value,SYSCLKFreq_VALUE,SYSCLKSource,VCOI2SOutputFreq_Value,VCOInputFreq_Value,VCOOutputFreq_Value,VcooutputI2S
PC9.GPIOParameters=PinState
ProjectManager.AskForMigrate=true
Mcu.Name=STM32F405RGTx
NVIC.SavedPendsvIrqHandlerGenerated=true
RCC.RTCHSEDivFreq_Value=4000000
PA2.Signal=USART2_TX
ProjectManager.UnderRoot=false
Dma.SDIO_TX.2.Priority=DMA_PRIORITY_LOW
FATFS._MAX_SS=4096
I2S2.FullDuplexMode=I2S_FULLDUPLEXMODE_ENABLE
Mcu.IP8=USART1
VP_FREERTOS_VS_CMSIS_V2.Signal=FREERTOS_VS_CMSIS_V2
Mcu.IP9=USART2
Mcu.IP6=SDIO
PC8.Mode=SD_1_bit
Mcu.IP7=SYS
ProjectManager.CoupleFile=false
RCC.48MHZClocksFreq_Value=48000000
RCC.SYSCLKFreq_VALUE=168000000
I2S2.ErrorAudioFreq=-0.26 %
NVIC.ForceEnableDMAVector=true
KeepUserPlacement=false
Dma.SPI2_RX.0.PeriphInc=DMA_PINC_DISABLE
NVIC.MemoryManagement_IRQn=true\:0\:0\:false\:false\:true\:false\:false\:false
USART1.VirtualMode=VM_ASYNC
ProjectManager.CompilerOptimize=6
Dma.SDIO_TX.2.MemBurst=DMA_MBURST_INC4
ProjectManager.HeapSize=0x200
Mcu.Pin15=PC12
NVIC.HardFault_IRQn=true\:0\:0\:false\:false\:true\:false\:false\:false
Mcu.Pin16=PD2
Dma.SDIO_RX.1.MemInc=DMA_MINC_ENABLE
Dma.SDIO_TX.2.FIFOMode=DMA_FIFOMODE_ENABLE
Mcu.Pin13=PA10
Mcu.Pin14=PC10
Mcu.Pin19=VP_SYS_VS_tim1
NVIC.TIM1_UP_TIM10_IRQn=true\:0\:0\:false\:false\:true\:false\:true\:true
ProjectManager.ComputerToolchain=false
Mcu.Pin17=VP_FATFS_VS_SDIO
RCC.HSI_VALUE=16000000
Mcu.Pin18=VP_FREERTOS_VS_CMSIS_V2
RCC.PLLQ=7
NVIC.PriorityGroup=NVIC_PRIORITYGROUP_4
Mcu.Pin11=PC9
Mcu.Pin12=PA9
RCC.PLLM=4
RCC.PLLN=168
Mcu.Pin10=PC8
PA2.Mode=Asynchronous
Dma.SDIO_TX.2.PeriphInc=DMA_PINC_DISABLE
PA0-WKUP.GPIO_PuPd=GPIO_PULLUP
NVIC.DMA1_Stream3_IRQn=true\:0\:0\:false\:false\:true\:true\:false\:true
PC9.Signal=GPIO_Output
PD2.Signal=SDIO_CMD
RCC.APB1Freq_Value=42000000
I2S2.RealAudioFreq=15.957 KHz
ProjectManager.DeviceId=STM32F405RGTx
PB12.GPIOParameters=GPIO_Speed
PB12.Signal=I2S2_WS
ProjectManager.LibraryCopy=0
PC3.GPIO_PuPd=GPIO_PULLUP
